PODS:
  - Expecta (1.0.5)
  - LJTimerBlockManager (0.1.0)
  - Specta (1.0.5)

DEPENDENCIES:
  - Expecta
  - LJTimerBlockManager (from `../`)
  - Specta

EXTERNAL SOURCES:
  LJTimerBlockManager:
    :path: ../

SPEC CHECKSUMS:
  Expecta: e1c022fcd33910b6be89c291d2775b3fe27a89fe
  LJTimerBlockManager: c75ad355475b8c3e68add687b9f52cf0864acd75
  Specta: ac94d110b865115fe60ff2c6d7281053c6f8e8a2

PODFILE CHECKSUM: 68815265e2f76dd9422ce624df635b4e99b0a245

COCOAPODS: 1.0.1
